
Microsoft Visual Studio Solution File, Format Version 12.00
# Visual Studio 14
VisualStudioVersion = 14.0.25420.1
MinimumVisualStudioVersion = 10.0.40219.1
Project("{FAE04EC0-301F-11D3-BF4B-00C04F79EFBC}") = "Model", "Model\Model.csproj", "{57436F31-DB27-4462-9BEC-299868259AA8}"
EndProject
Project("{FAE04EC0-301F-11D3-BF4B-00C04F79EFBC}") = "DAL", "DAL\DAL.csproj", "{B612CEDD-8F76-41E1-8189-D8B7DEDCD10D}"
EndProject
Project("{FAE04EC0-301F-11D3-BF4B-00C04F79EFBC}") = "BLL", "BLL\BLL.csproj", "{50467A61-3B70-450F-88BC-B43CEA967E9B}"
EndProject
Project("{FAE04EC0-301F-11D3-BF4B-00C04F79EFBC}") = "Common", "Common\Common.csproj", "{DF2B4AAB-6928-4B6E-A887-B1E3B919EF61}"
EndProject
Project("{FAE04EC0-301F-11D3-BF4B-00C04F79EFBC}") = "Control_SB", "Control_SB\Control_SB.csproj", "{C6DFAC9A-38B5-41F4-A772-075C942E4A93}"
EndProject
Global
	GlobalSection(SolutionConfigurationPlatforms) = preSolution
		Debug|Any CPU = Debug|Any CPU
		Release|Any CPU = Release|Any CPU
	EndGlobalSection
	GlobalSection(ProjectConfigurationPlatforms) = postSolution
		{57436F31-DB27-4462-9BEC-299868259AA8}.Debug|Any CPU.ActiveCfg = Debug|Any CPU
		{57436F31-DB27-4462-9BEC-299868259AA8}.Debug|Any CPU.Build.0 = Debug|Any CPU
		{57436F31-DB27-4462-9BEC-299868259AA8}.Release|Any CPU.ActiveCfg = Release|Any CPU
		{57436F31-DB27-4462-9BEC-299868259AA8}.Release|Any CPU.Build.0 = Release|Any CPU
		{B612CEDD-8F76-41E1-8189-D8B7DEDCD10D}.Debug|Any CPU.ActiveCfg = Debug|Any CPU
		{B612CEDD-8F76-41E1-8189-D8B7DEDCD10D}.Debug|Any CPU.Build.0 = Debug|Any CPU
		{B612CEDD-8F76-41E1-8189-D8B7DEDCD10D}.Release|Any CPU.ActiveCfg = Release|Any CPU
		{B612CEDD-8F76-41E1-8189-D8B7DEDCD10D}.Release|Any CPU.Build.0 = Release|Any CPU
		{50467A61-3B70-450F-88BC-B43CEA967E9B}.Debug|Any CPU.ActiveCfg = Debug|Any CPU
		{50467A61-3B70-450F-88BC-B43CEA967E9B}.Debug|Any CPU.Build.0 = Debug|Any CPU
		{50467A61-3B70-450F-88BC-B43CEA967E9B}.Release|Any CPU.ActiveCfg = Release|Any CPU
		{50467A61-3B70-450F-88BC-B43CEA967E9B}.Release|Any CPU.Build.0 = Release|Any CPU
		{DF2B4AAB-6928-4B6E-A887-B1E3B919EF61}.Debug|Any CPU.ActiveCfg = Debug|Any CPU
		{DF2B4AAB-6928-4B6E-A887-B1E3B919EF61}.Debug|Any CPU.Build.0 = Debug|Any CPU
		{DF2B4AAB-6928-4B6E-A887-B1E3B919EF61}.Release|Any CPU.ActiveCfg = Release|Any CPU
		{DF2B4AAB-6928-4B6E-A887-B1E3B919EF61}.Release|Any CPU.Build.0 = Release|Any CPU
		{C6DFAC9A-38B5-41F4-A772-075C942E4A93}.Debug|Any CPU.ActiveCfg = Debug|Any CPU
		{C6DFAC9A-38B5-41F4-A772-075C942E4A93}.Debug|Any CPU.Build.0 = Debug|Any CPU
		{C6DFAC9A-38B5-41F4-A772-075C942E4A93}.Release|Any CPU.ActiveCfg = Release|Any CPU
		{C6DFAC9A-38B5-41F4-A772-075C942E4A93}.Release|Any CPU.Build.0 = Release|Any CPU
	EndGlobalSection
	GlobalSection(SolutionProperties) = preSolution
		HideSolutionNode = FALSE
	EndGlobalSection
EndGlobal
